
Microsoft Visual Studio Solution File, Format Version 12.00
# Visual Studio 15
VisualStudioVersion = 15.0.26730.10
MinimumVisualStudioVersion = 10.0.40219.1
Project("{FAE04EC0-301F-11D3-BF4B-00C04F79EFBC}") = "SenparcClass", "SenparcClass\SenparcClass.csproj", "{0275598C-F2F2-496F-8FD0-3AA32C66695A}"
EndProject
Project("{FAE04EC0-301F-11D3-BF4B-00C04F79EFBC}") = "SenparcClass.Tests", "SenparcClass.Tests\SenparcClass.Tests.csproj", "{7BE4B376-B1AE-4431-8CCB-D9F830CB9311}"
EndProject
Project("{FAE04EC0-301F-11D3-BF4B-00C04F79EFBC}") = "SenparcClass.Service", "SenparcClass.Service\SenparcClass.Service.csproj", "{9B19D3E6-6BA0-4A19-8C17-ABE1B3736EE6}"
EndProject
Global
	GlobalSection(SolutionConfigurationPlatforms) = preSolution
		Debug|Any CPU = Debug|Any CPU
		Release|Any CPU = Release|Any CPU
	EndGlobalSection
	GlobalSection(ProjectConfigurationPlatforms) = postSolution
		{0275598C-F2F2-496F-8FD0-3AA32C66695A}.Debug|Any CPU.ActiveCfg = Debug|Any CPU
		{0275598C-F2F2-496F-8FD0-3AA32C66695A}.Debug|Any CPU.Build.0 = Debug|Any CPU
		{0275598C-F2F2-496F-8FD0-3AA32C66695A}.Release|Any CPU.ActiveCfg = Release|Any CPU
		{0275598C-F2F2-496F-8FD0-3AA32C66695A}.Release|Any CPU.Build.0 = Release|Any CPU
		{7BE4B376-B1AE-4431-8CCB-D9F830CB9311}.Debug|Any CPU.ActiveCfg = Debug|Any CPU
		{7BE4B376-B1AE-4431-8CCB-D9F830CB9311}.Debug|Any CPU.Build.0 = Debug|Any CPU
		{7BE4B376-B1AE-4431-8CCB-D9F830CB9311}.Release|Any CPU.ActiveCfg = Release|Any CPU
		{7BE4B376-B1AE-4431-8CCB-D9F830CB9311}.Release|Any CPU.Build.0 = Release|Any CPU
		{9B19D3E6-6BA0-4A19-8C17-ABE1B3736EE6}.Debug|Any CPU.ActiveCfg = Debug|Any CPU
		{9B19D3E6-6BA0-4A19-8C17-ABE1B3736EE6}.Debug|Any CPU.Build.0 = Debug|Any CPU
		{9B19D3E6-6BA0-4A19-8C17-ABE1B3736EE6}.Release|Any CPU.ActiveCfg = Release|Any CPU
		{9B19D3E6-6BA0-4A19-8C17-ABE1B3736EE6}.Release|Any CPU.Build.0 = Release|Any CPU
	EndGlobalSection
	GlobalSection(SolutionProperties) = preSolution
		HideSolutionNode = FALSE
	EndGlobalSection
	GlobalSection(ExtensibilityGlobals) = postSolution
		SolutionGuid = {F595DE0C-CC63-4DEA-B923-155CED2D05CB}
	EndGlobalSection
EndGlobal
